
Microsoft Visual Studio Solution File, Format Version 12.00
# Visual Studio 15
VisualStudioVersion = 15.0.27004.2006
MinimumVisualStudioVersion = 10.0.40219.1
Project("{FAE04EC0-301F-11D3-BF4B-00C04F79EFBC}") = "Scanner", "Scanner\Scanner.csproj", "{30B21CFA-D4FB-49BB-8D4F-6EBF128B8A01}"
EndProject
Global
	GlobalSection(SolutionConfigurationPlatforms) = preSolution
		Debug|Any CPU = Debug|Any CPU
		Release|Any CPU = Release|Any CPU
	EndGlobalSection
	GlobalSection(ProjectConfigurationPlatforms) = postSolution
		{30B21CFA-D4FB-49BB-8D4F-6EBF128B8A01}.Debug|Any CPU.ActiveCfg = Debug|Any CPU
		{30B21CFA-D4FB-49BB-8D4F-6EBF128B8A01}.Debug|Any CPU.Build.0 = Debug|Any CPU
		{30B21CFA-D4FB-49BB-8D4F-6EBF128B8A01}.Release|Any CPU.ActiveCfg = Release|Any CPU
		{30B21CFA-D4FB-49BB-8D4F-6EBF128B8A01}.Release|Any CPU.Build.0 = Release|Any CPU
	EndGlobalSection
	GlobalSection(SolutionProperties) = preSolution
		HideSolutionNode = FALSE
	EndGlobalSection
	GlobalSection(ExtensibilityGlobals) = postSolution
		SolutionGuid = {2FB05AF3-DD00-46CC-B252-61E3125EBD5F}
	EndGlobalSection
EndGlobal
